
Microsoft Visual Studio Solution File, Format Version 12.00
# Visual Studio Version 16
VisualStudioVersion = 16.0.30804.86
MinimumVisualStudioVersion = 10.0.40219.1
Project("{FAE04EC0-301F-11D3-BF4B-00C04F79EFBC}") = "Szamkitatalo", "Szamkitatalo.csproj", "{479D2655-751E-446B-BF76-F36974124BE5}"
EndProject
Global
	GlobalSection(SolutionConfigurationPlatforms) = preSolution
		Debug|Any CPU = Debug|Any CPU
		Release|Any CPU = Release|Any CPU
	EndGlobalSection
	GlobalSection(ProjectConfigurationPlatforms) = postSolution
		{479D2655-751E-446B-BF76-F36974124BE5}.Debug|Any CPU.ActiveCfg = Debug|Any CPU
		{479D2655-751E-446B-BF76-F36974124BE5}.Debug|Any CPU.Build.0 = Debug|Any CPU
		{479D2655-751E-446B-BF76-F36974124BE5}.Release|Any CPU.ActiveCfg = Release|Any CPU
		{479D2655-751E-446B-BF76-F36974124BE5}.Release|Any CPU.Build.0 = Release|Any CPU
	EndGlobalSection
	GlobalSection(SolutionProperties) = preSolution
		HideSolutionNode = FALSE
	EndGlobalSection
	GlobalSection(ExtensibilityGlobals) = postSolution
		SolutionGuid = {1CB23E6B-88B7-45F3-B2EF-05A37FFBF811}
	EndGlobalSection
EndGlobal
